
Microsoft Visual Studio Solution File, Format Version 12.00
# Visual Studio 15
VisualStudioVersion = 15.0.28307.779
MinimumVisualStudioVersion = 10.0.40219.1
Project("{FAE04EC0-301F-11D3-BF4B-00C04F79EFBC}") = "SearchTrees", "SearchTrees\SearchTrees.csproj", "{B3596DBA-3099-4DE6-89EC-B94DB99E8A9B}"
EndProject
Project("{FAE04EC0-301F-11D3-BF4B-00C04F79EFBC}") = "Tests", "Tests\Tests.csproj", "{6798F54C-B2AE-4E42-8FFA-6692543C5F19}"
EndProject
Project("{FAE04EC0-301F-11D3-BF4B-00C04F79EFBC}") = "TreeEdit", "TreeEdit\TreeEdit.csproj", "{32537998-F208-46B6-9C28-85D428896003}"
EndProject
Global
	GlobalSection(SolutionConfigurationPlatforms) = preSolution
		Debug|Any CPU = Debug|Any CPU
		Release|Any CPU = Release|Any CPU
	EndGlobalSection
	GlobalSection(ProjectConfigurationPlatforms) = postSolution
		{B3596DBA-3099-4DE6-89EC-B94DB99E8A9B}.Debug|Any CPU.ActiveCfg = Debug|Any CPU
		{B3596DBA-3099-4DE6-89EC-B94DB99E8A9B}.Debug|Any CPU.Build.0 = Debug|Any CPU
		{B3596DBA-3099-4DE6-89EC-B94DB99E8A9B}.Release|Any CPU.ActiveCfg = Release|Any CPU
		{B3596DBA-3099-4DE6-89EC-B94DB99E8A9B}.Release|Any CPU.Build.0 = Release|Any CPU
		{6798F54C-B2AE-4E42-8FFA-6692543C5F19}.Debug|Any CPU.ActiveCfg = Debug|Any CPU
		{6798F54C-B2AE-4E42-8FFA-6692543C5F19}.Debug|Any CPU.Build.0 = Debug|Any CPU
		{6798F54C-B2AE-4E42-8FFA-6692543C5F19}.Release|Any CPU.ActiveCfg = Release|Any CPU
		{6798F54C-B2AE-4E42-8FFA-6692543C5F19}.Release|Any CPU.Build.0 = Release|Any CPU
		{32537998-F208-46B6-9C28-85D428896003}.Debug|Any CPU.ActiveCfg = Debug|Any CPU
		{32537998-F208-46B6-9C28-85D428896003}.Debug|Any CPU.Build.0 = Debug|Any CPU
		{32537998-F208-46B6-9C28-85D428896003}.Release|Any CPU.ActiveCfg = Release|Any CPU
		{32537998-F208-46B6-9C28-85D428896003}.Release|Any CPU.Build.0 = Release|Any CPU
	EndGlobalSection
	GlobalSection(SolutionProperties) = preSolution
		HideSolutionNode = FALSE
	EndGlobalSection
	GlobalSection(ExtensibilityGlobals) = postSolution
		SolutionGuid = {098A6307-4CA4-4E07-9740-59868050517D}
	EndGlobalSection
EndGlobal
