
Microsoft Visual Studio Solution File, Format Version 12.00
# Visual Studio 15
VisualStudioVersion = 15.0.28307.645
MinimumVisualStudioVersion = 10.0.40219.1
Project("{FAE04EC0-301F-11D3-BF4B-00C04F79EFBC}") = "Graphs", "Graphs\Graphs.csproj", "{D6CB8628-3BFD-4D11-82D6-E290EBCBA4B6}"
EndProject
Project("{FAE04EC0-301F-11D3-BF4B-00C04F79EFBC}") = "Tests", "Tests\Tests.csproj", "{5F619963-D366-44C8-9CBD-BB2E10575606}"
EndProject
Project("{FAE04EC0-301F-11D3-BF4B-00C04F79EFBC}") = "Demo", "Demo\Demo.csproj", "{08E34AC1-A233-4CF0-8A23-CB185EE922CA}"
EndProject
Global
	GlobalSection(SolutionConfigurationPlatforms) = preSolution
		Debug|Any CPU = Debug|Any CPU
		Release|Any CPU = Release|Any CPU
	EndGlobalSection
	GlobalSection(ProjectConfigurationPlatforms) = postSolution
		{D6CB8628-3BFD-4D11-82D6-E290EBCBA4B6}.Debug|Any CPU.ActiveCfg = Debug|Any CPU
		{D6CB8628-3BFD-4D11-82D6-E290EBCBA4B6}.Debug|Any CPU.Build.0 = Debug|Any CPU
		{D6CB8628-3BFD-4D11-82D6-E290EBCBA4B6}.Release|Any CPU.ActiveCfg = Release|Any CPU
		{D6CB8628-3BFD-4D11-82D6-E290EBCBA4B6}.Release|Any CPU.Build.0 = Release|Any CPU
		{5F619963-D366-44C8-9CBD-BB2E10575606}.Debug|Any CPU.ActiveCfg = Debug|Any CPU
		{5F619963-D366-44C8-9CBD-BB2E10575606}.Debug|Any CPU.Build.0 = Debug|Any CPU
		{5F619963-D366-44C8-9CBD-BB2E10575606}.Release|Any CPU.ActiveCfg = Release|Any CPU
		{5F619963-D366-44C8-9CBD-BB2E10575606}.Release|Any CPU.Build.0 = Release|Any CPU
		{08E34AC1-A233-4CF0-8A23-CB185EE922CA}.Debug|Any CPU.ActiveCfg = Debug|Any CPU
		{08E34AC1-A233-4CF0-8A23-CB185EE922CA}.Debug|Any CPU.Build.0 = Debug|Any CPU
		{08E34AC1-A233-4CF0-8A23-CB185EE922CA}.Release|Any CPU.ActiveCfg = Release|Any CPU
		{08E34AC1-A233-4CF0-8A23-CB185EE922CA}.Release|Any CPU.Build.0 = Release|Any CPU
	EndGlobalSection
	GlobalSection(SolutionProperties) = preSolution
		HideSolutionNode = FALSE
	EndGlobalSection
	GlobalSection(ExtensibilityGlobals) = postSolution
		SolutionGuid = {3F2786ED-C577-4644-9EB2-B649CC0F6B99}
	EndGlobalSection
EndGlobal
